// !$*UTF8*$!
{
	archiveVersion = 1;
	classes = {
	};
	objectVersion = 48;
	objects = {

/* Begin PBXBuildFile section */
		5D24ECEC20935DBD004FD0A5 /* main.cpp in Sources */ = {isa = PBXBuildFile; fileRef = 5D24ECEB20935DBD004FD0A5 /* main.cpp */; };
		5D3BC96B209945AE00E8F94C /* PAT1003.cpp in Sources */ = {isa = PBXBuildFile; fileRef = 5D3BC95F209944DD00E8F94C /* PAT1003.cpp */; };
		5D3BC973209A013C00E8F94C /* main.cpp in Sources */ = {isa = PBXBuildFile; fileRef = 5D3BC972209A013C00E8F94C /* main.cpp */; };
		5D3BC97E209B53C500E8F94C /* main.cpp in Sources */ = {isa = PBXBuildFile; fileRef = 5D3BC97D209B53C500E8F94C /* main.cpp */; };
		5D3BC989209D5B0E00E8F94C /* main.cpp in Sources */ = {isa = PBXBuildFile; fileRef = 5D3BC988209D5B0E00E8F94C /* main.cpp */; };
/* End PBXBuildFile section */

/* Begin PBXCopyFilesBuildPhase section */
		5D24ECE620935DBD004FD0A5 /* CopyFiles */ = {
			isa = PBXCopyFilesBuildPhase;
			buildActionMask = 2147483647;
			dstPath = /usr/share/man/man1/;
			dstSubfolderSpec = 0;
			files = (
			);
			runOnlyForDeploymentPostprocessing = 1;
		};
		5D3BC9622099455A00E8F94C /* CopyFiles */ = {
			isa = PBXCopyFilesBuildPhase;
			buildActionMask = 2147483647;
			dstPath = /usr/share/man/man1/;
			dstSubfolderSpec = 0;
			files = (
			);
			runOnlyForDeploymentPostprocessing = 1;
		};
		5D3BC96E209A013C00E8F94C /* CopyFiles */ = {
			isa = PBXCopyFilesBuildPhase;
			buildActionMask = 2147483647;
			dstPath = /usr/share/man/man1/;
			dstSubfolderSpec = 0;
			files = (
			);
			runOnlyForDeploymentPostprocessing = 1;
		};
		5D3BC979209B53C400E8F94C /* CopyFiles */ = {
			isa = PBXCopyFilesBuildPhase;
			buildActionMask = 2147483647;
			dstPath = /usr/share/man/man1/;
			dstSubfolderSpec = 0;
			files = (
			);
			runOnlyForDeploymentPostprocessing = 1;
		};
		5D3BC984209D5B0E00E8F94C /* CopyFiles */ = {
			isa = PBXCopyFilesBuildPhase;
			buildActionMask = 2147483647;
			dstPath = /usr/share/man/man1/;
			dstSubfolderSpec = 0;
			files = (
			);
			runOnlyForDeploymentPostprocessing = 1;
		};
/* End PBXCopyFilesBuildPhase section */

/* Begin PBXFileReference section */
		5D24ECE820935DBD004FD0A5 /* PAT */ = {isa = PBXFileReference; explicitFileType = "compiled.mach-o.executable"; includeInIndex = 0; path = PAT; sourceTree = BUILT_PRODUCTS_DIR; };
		5D24ECEB20935DBD004FD0A5 /* main.cpp */ = {isa = PBXFileReference; lastKnownFileType = sourcecode.cpp.cpp; path = main.cpp; sourceTree = "<group>"; };
		5D3BC95F209944DD00E8F94C /* PAT1003.cpp */ = {isa = PBXFileReference; lastKnownFileType = sourcecode.cpp.cpp; path = PAT1003.cpp; sourceTree = "<group>"; };
		5D3BC9642099455A00E8F94C /* PAT1003 */ = {isa = PBXFileReference; explicitFileType = "compiled.mach-o.executable"; includeInIndex = 0; path = PAT1003; sourceTree = BUILT_PRODUCTS_DIR; };
		5D3BC9662099455A00E8F94C /* main.cpp */ = {isa = PBXFileReference; lastKnownFileType = sourcecode.cpp.cpp; path = main.cpp; sourceTree = "<group>"; };
		5D3BC970209A013C00E8F94C /* PTA7-1 */ = {isa = PBXFileReference; explicitFileType = "compiled.mach-o.executable"; includeInIndex = 0; path = "PTA7-1"; sourceTree = BUILT_PRODUCTS_DIR; };
		5D3BC972209A013C00E8F94C /* main.cpp */ = {isa = PBXFileReference; lastKnownFileType = sourcecode.cpp.cpp; path = main.cpp; sourceTree = "<group>"; };
		5D3BC97B209B53C400E8F94C /* PTA05031 */ = {isa = PBXFileReference; explicitFileType = "compiled.mach-o.executable"; includeInIndex = 0; path = PTA05031; sourceTree = BUILT_PRODUCTS_DIR; };
		5D3BC97D209B53C500E8F94C /* main.cpp */ = {isa = PBXFileReference; lastKnownFileType = sourcecode.cpp.cpp; path = main.cpp; sourceTree = "<group>"; };
		5D3BC986209D5B0E00E8F94C /* PAT-L2-026 */ = {isa = PBXFileReference; explicitFileType = "compiled.mach-o.executable"; includeInIndex = 0; path = "PAT-L2-026"; sourceTree = BUILT_PRODUCTS_DIR; };
		5D3BC988209D5B0E00E8F94C /* main.cpp */ = {isa = PBXFileReference; lastKnownFileType = sourcecode.cpp.cpp; path = main.cpp; sourceTree = "<group>"; };
/* End PBXFileReference section */

/* Begin PBXFrameworksBuildPhase section */
		5D24ECE520935DBD004FD0A5 /* Frameworks */ = {
			isa = PBXFrameworksBuildPhase;
			buildActionMask = 2147483647;
			files = (
			);
			runOnlyForDeploymentPostprocessing = 0;
		};
		5D3BC9612099455A00E8F94C /* Frameworks */ = {
			isa = PBXFrameworksBuildPhase;
			buildActionMask = 2147483647;
			files = (
			);
			runOnlyForDeploymentPostprocessing = 0;
		};
		5D3BC96D209A013C00E8F94C /* Frameworks */ = {
			isa = PBXFrameworksBuildPhase;
			buildActionMask = 2147483647;
			files = (
			);
			runOnlyForDeploymentPostprocessing = 0;
		};
		5D3BC978209B53C400E8F94C /* Frameworks */ = {
			isa = PBXFrameworksBuildPhase;
			buildActionMask = 2147483647;
			files = (
			);
			runOnlyForDeploymentPostprocessing = 0;
		};
		5D3BC983209D5B0E00E8F94C /* Frameworks */ = {
			isa = PBXFrameworksBuildPhase;
			buildActionMask = 2147483647;
			files = (
			);
			runOnlyForDeploymentPostprocessing = 0;
		};
/* End PBXFrameworksBuildPhase section */

/* Begin PBXGroup section */
		5D24ECDF20935DBD004FD0A5 = {
			isa = PBXGroup;
			children = (
				5D24ECEA20935DBD004FD0A5 /* PAT */,
				5D3BC9652099455A00E8F94C /* PAT1003 */,
				5D3BC971209A013C00E8F94C /* PTA7-1 */,
				5D3BC97C209B53C500E8F94C /* PTA05031 */,
				5D3BC987209D5B0E00E8F94C /* PAT-L2-026 */,
				5D24ECE920935DBD004FD0A5 /* Products */,
			);
			sourceTree = "<group>";
		};
		5D24ECE920935DBD004FD0A5 /* Products */ = {
			isa = PBXGroup;
			children = (
				5D24ECE820935DBD004FD0A5 /* PAT */,
				5D3BC9642099455A00E8F94C /* PAT1003 */,
				5D3BC970209A013C00E8F94C /* PTA7-1 */,
				5D3BC97B209B53C400E8F94C /* PTA05031 */,
				5D3BC986209D5B0E00E8F94C /* PAT-L2-026 */,
			);
			name = Products;
			sourceTree = "<group>";
		};
		5D24ECEA20935DBD004FD0A5 /* PAT */ = {
			isa = PBXGroup;
			children = (
				5D24ECEB20935DBD004FD0A5 /* main.cpp */,
				5D3BC95F209944DD00E8F94C /* PAT1003.cpp */,
			);
			path = PAT;
			sourceTree = "<group>";
		};
		5D3BC9652099455A00E8F94C /* PAT1003 */ = {
			isa = PBXGroup;
			children = (
				5D3BC9662099455A00E8F94C /* main.cpp */,
			);
			path = PAT1003;
			sourceTree = "<group>";
		};
		5D3BC971209A013C00E8F94C /* PTA7-1 */ = {
			isa = PBXGroup;
			children = (
				5D3BC972209A013C00E8F94C /* main.cpp */,
			);
			path = "PTA7-1";
			sourceTree = "<group>";
		};
		5D3BC97C209B53C500E8F94C /* PTA05031 */ = {
			isa = PBXGroup;
			children = (
				5D3BC97D209B53C500E8F94C /* main.cpp */,
			);
			path = PTA05031;
			sourceTree = "<group>";
		};
		5D3BC987209D5B0E00E8F94C /* PAT-L2-026 */ = {
			isa = PBXGroup;
			children = (
				5D3BC988209D5B0E00E8F94C /* main.cpp */,
			);
			path = "PAT-L2-026";
			sourceTree = "<group>";
		};
/* End PBXGroup section */

/* Begin PBXNativeTarget section */
		5D24ECE720935DBD004FD0A5 /* PAT */ = {
			isa = PBXNativeTarget;
			buildConfigurationList = 5D24ECEF20935DBD004FD0A5 /* Build configuration list for PBXNativeTarget "PAT" */;
			buildPhases = (
				5D24ECE420935DBD004FD0A5 /* Sources */,
				5D24ECE520935DBD004FD0A5 /* Frameworks */,
				5D24ECE620935DBD004FD0A5 /* CopyFiles */,
			);
			buildRules = (
			);
			dependencies = (
			);
			name = PAT;
			productName = PAT;
			productReference = 5D24ECE820935DBD004FD0A5 /* PAT */;
			productType = "com.apple.product-type.tool";
		};
		5D3BC9632099455A00E8F94C /* PAT1003 */ = {
			isa = PBXNativeTarget;
			buildConfigurationList = 5D3BC9682099455A00E8F94C /* Build configuration list for PBXNativeTarget "PAT1003" */;
			buildPhases = (
				5D3BC9602099455A00E8F94C /* Sources */,
				5D3BC9612099455A00E8F94C /* Frameworks */,
				5D3BC9622099455A00E8F94C /* CopyFiles */,
			);
			buildRules = (
			);
			dependencies = (
			);
			name = PAT1003;
			productName = PAT1003;
			productReference = 5D3BC9642099455A00E8F94C /* PAT1003 */;
			productType = "com.apple.product-type.tool";
		};
		5D3BC96F209A013C00E8F94C /* PTA7-1 */ = {
			isa = PBXNativeTarget;
			buildConfigurationList = 5D3BC974209A013C00E8F94C /* Build configuration list for PBXNativeTarget "PTA7-1" */;
			buildPhases = (
				5D3BC96C209A013C00E8F94C /* Sources */,
				5D3BC96D209A013C00E8F94C /* Frameworks */,
				5D3BC96E209A013C00E8F94C /* CopyFiles */,
			);
			buildRules = (
			);
			dependencies = (
			);
			name = "PTA7-1";
			productName = "PTA7-1";
			productReference = 5D3BC970209A013C00E8F94C /* PTA7-1 */;
			productType = "com.apple.product-type.tool";
		};
		5D3BC97A209B53C400E8F94C /* PTA05031 */ = {
			isa = PBXNativeTarget;
			buildConfigurationList = 5D3BC97F209B53C500E8F94C /* Build configuration list for PBXNativeTarget "PTA05031" */;
			buildPhases = (
				5D3BC977209B53C400E8F94C /* Sources */,
				5D3BC978209B53C400E8F94C /* Frameworks */,
				5D3BC979209B53C400E8F94C /* CopyFiles */,
			);
			buildRules = (
			);
			dependencies = (
			);
			name = PTA05031;
			productName = PTA05031;
			productReference = 5D3BC97B209B53C400E8F94C /* PTA05031 */;
			productType = "com.apple.product-type.tool";
		};
		5D3BC985209D5B0E00E8F94C /* PAT-L2-026 */ = {
			isa = PBXNativeTarget;
			buildConfigurationList = 5D3BC98A209D5B0E00E8F94C /* Build configuration list for PBXNativeTarget "PAT-L2-026" */;
			buildPhases = (
				5D3BC982209D5B0E00E8F94C /* Sources */,
				5D3BC983209D5B0E00E8F94C /* Frameworks */,
				5D3BC984209D5B0E00E8F94C /* CopyFiles */,
			);
			buildRules = (
			);
			dependencies = (
			);
			name = "PAT-L2-026";
			productName = "PAT-L2-026";
			productReference = 5D3BC986209D5B0E00E8F94C /* PAT-L2-026 */;
			productType = "com.apple.product-type.tool";
		};
/* End PBXNativeTarget section */

/* Begin PBXProject section */
		5D24ECE020935DBD004FD0A5 /* Project object */ = {
			isa = PBXProject;
			attributes = {
				LastUpgradeCheck = 0920;
				ORGANIZATIONNAME = Droidhen;
				TargetAttributes = {
					5D24ECE720935DBD004FD0A5 = {
						CreatedOnToolsVersion = 9.2;
						ProvisioningStyle = Automatic;
					};
					5D3BC9632099455A00E8F94C = {
						CreatedOnToolsVersion = 9.2;
						ProvisioningStyle = Automatic;
					};
					5D3BC96F209A013C00E8F94C = {
						CreatedOnToolsVersion = 9.2;
						ProvisioningStyle = Automatic;
					};
					5D3BC97A209B53C400E8F94C = {
						CreatedOnToolsVersion = 9.2;
						ProvisioningStyle = Automatic;
					};
					5D3BC985209D5B0E00E8F94C = {
						CreatedOnToolsVersion = 9.2;
						ProvisioningStyle = Automatic;
					};
				};
			};
			buildConfigurationList = 5D24ECE320935DBD004FD0A5 /* Build configuration list for PBXProject "PAT" */;
			compatibilityVersion = "Xcode 8.0";
			developmentRegion = en;
			hasScannedForEncodings = 0;
			knownRegions = (
				en,
			);
			mainGroup = 5D24ECDF20935DBD004FD0A5;
			productRefGroup = 5D24ECE920935DBD004FD0A5 /* Products */;
			projectDirPath = "";
			projectRoot = "";
			targets = (
				5D24ECE720935DBD004FD0A5 /* PAT */,
				5D3BC9632099455A00E8F94C /* PAT1003 */,
				5D3BC96F209A013C00E8F94C /* PTA7-1 */,
				5D3BC97A209B53C400E8F94C /* PTA05031 */,
				5D3BC985209D5B0E00E8F94C /* PAT-L2-026 */,
			);
		};
/* End PBXProject section */

/* Begin PBXSourcesBuildPhase section */
		5D24ECE420935DBD004FD0A5 /* Sources */ = {
			isa = PBXSourcesBuildPhase;
			buildActionMask = 2147483647;
			files = (
				5D24ECEC20935DBD004FD0A5 /* main.cpp in Sources */,
			);
			runOnlyForDeploymentPostprocessing = 0;
		};
		5D3BC9602099455A00E8F94C /* Sources */ = {
			isa = PBXSourcesBuildPhase;
			buildActionMask = 2147483647;
			files = (
				5D3BC96B209945AE00E8F94C /* PAT1003.cpp in Sources */,
			);
			runOnlyForDeploymentPostprocessing = 0;
		};
		5D3BC96C209A013C00E8F94C /* Sources */ = {
			isa = PBXSourcesBuildPhase;
			buildActionMask = 2147483647;
			files = (
				5D3BC973209A013C00E8F94C /* main.cpp in Sources */,
			);
			runOnlyForDeploymentPostprocessing = 0;
		};
		5D3BC977209B53C400E8F94C /* Sources */ = {
			isa = PBXSourcesBuildPhase;
			buildActionMask = 2147483647;
			files = (
				5D3BC97E209B53C500E8F94C /* main.cpp in Sources */,
			);
			runOnlyForDeploymentPostprocessing = 0;
		};
		5D3BC982209D5B0E00E8F94C /* Sources */ = {
			isa = PBXSourcesBuildPhase;
			buildActionMask = 2147483647;
			files = (
				5D3BC989209D5B0E00E8F94C /* main.cpp in Sources */,
			);
			runOnlyForDeploymentPostprocessing = 0;
		};
/* End PBXSourcesBuildPhase section */

/* Begin XCBuildConfiguration section */
		5D24ECED20935DBD004FD0A5 /* Debug */ = {
			isa = XCBuildConfiguration;
			buildSettings = {
				ALWAYS_SEARCH_USER_PATHS = NO;
				CLANG_ANALYZER_NONNULL = YES;
				CLANG_ANALYZER_NUMBER_OBJECT_CONVERSION = YES_AGGRESSIVE;
				CLANG_CXX_LANGUAGE_STANDARD = "gnu++14";
				CLANG_CXX_LIBRARY = "libc++";
				CLANG_ENABLE_MODULES = YES;
				CLANG_ENABLE_OBJC_ARC = YES;
				CLANG_WARN_BLOCK_CAPTURE_AUTORELEASING = YES;
				CLANG_WARN_BOOL_CONVERSION = YES;
				CLANG_WARN_COMMA = YES;
				CLANG_WARN_CONSTANT_CONVERSION = YES;
				CLANG_WARN_DIRECT_OBJC_ISA_USAGE = YES_ERROR;
				CLANG_WARN_DOCUMENTATION_COMMENTS = YES;
				CLANG_WARN_EMPTY_BODY = YES;
				CLANG_WARN_ENUM_CONVERSION = YES;
				CLANG_WARN_INFINITE_RECURSION = YES;
				CLANG_WARN_INT_CONVERSION = YES;
				CLANG_WARN_NON_LITERAL_NULL_CONVERSION = YES;
				CLANG_WARN_OBJC_LITERAL_CONVERSION = YES;
				CLANG_WARN_OBJC_ROOT_CLASS = YES_ERROR;
				CLANG_WARN_RANGE_LOOP_ANALYSIS = YES;
				CLANG_WARN_STRICT_PROTOTYPES = YES;
				CLANG_WARN_SUSPICIOUS_MOVE = YES;
				CLANG_WARN_UNGUARDED_AVAILABILITY = YES_AGGRESSIVE;
				CLANG_WARN_UNREACHABLE_CODE = YES;
				CLANG_WARN__DUPLICATE_METHOD_MATCH = YES;
				CODE_SIGN_IDENTITY = "-";
				COPY_PHASE_STRIP = NO;
				DEBUG_INFORMATION_FORMAT = dwarf;
				ENABLE_STRICT_OBJC_MSGSEND = YES;
				ENABLE_TESTABILITY = YES;
				GCC_C_LANGUAGE_STANDARD = gnu11;
				GCC_DYNAMIC_NO_PIC = NO;
				GCC_NO_COMMON_BLOCKS = YES;
				GCC_OPTIMIZATION_LEVEL = 0;
				GCC_PREPROCESSOR_DEFINITIONS = (
					"DEBUG=1",
					"$(inherited)",
				);
				GCC_WARN_64_TO_32_BIT_CONVERSION = YES;
				GCC_WARN_ABOUT_RETURN_TYPE = YES_ERROR;
				GCC_WARN_UNDECLARED_SELECTOR = YES;
				GCC_WARN_UNINITIALIZED_AUTOS = YES_AGGRESSIVE;
				GCC_WARN_UNUSED_FUNCTION = YES;
				GCC_WARN_UNUSED_VARIABLE = YES;
				MACOSX_DEPLOYMENT_TARGET = 10.12;
				MTL_ENABLE_DEBUG_INFO = YES;
				ONLY_ACTIVE_ARCH = YES;
				SDKROOT = macosx;
			};
			name = Debug;
		};
		5D24ECEE20935DBD004FD0A5 /* Release */ = {
			isa = XCBuildConfiguration;
			buildSettings = {
				ALWAYS_SEARCH_USER_PATHS = NO;
				CLANG_ANALYZER_NONNULL = YES;
				CLANG_ANALYZER_NUMBER_OBJECT_CONVERSION = YES_AGGRESSIVE;
				CLANG_CXX_LANGUAGE_STANDARD = "gnu++14";
				CLANG_CXX_LIBRARY = "libc++";
				CLANG_ENABLE_MODULES = YES;
				CLANG_ENABLE_OBJC_ARC = YES;
				CLANG_WARN_BLOCK_CAPTURE_AUTORELEASING = YES;
				CLANG_WARN_BOOL_CONVERSION = YES;
				CLANG_WARN_COMMA = YES;
				CLANG_WARN_CONSTANT_CONVERSION = YES;
				CLANG_WARN_DIRECT_OBJC_ISA_USAGE = YES_ERROR;
				CLANG_WARN_DOCUMENTATION_COMMENTS = YES;
				CLANG_WARN_EMPTY_BODY = YES;
				CLANG_WARN_ENUM_CONVERSION = YES;
				CLANG_WARN_INFINITE_RECURSION = YES;
				CLANG_WARN_INT_CONVERSION = YES;
				CLANG_WARN_NON_LITERAL_NULL_CONVERSION = YES;
				CLANG_WARN_OBJC_LITERAL_CONVERSION = YES;
				CLANG_WARN_OBJC_ROOT_CLASS = YES_ERROR;
				CLANG_WARN_RANGE_LOOP_ANALYSIS = YES;
				CLANG_WARN_STRICT_PROTOTYPES = YES;
				CLANG_WARN_SUSPICIOUS_MOVE = YES;
				CLANG_WARN_UNGUARDED_AVAILABILITY = YES_AGGRESSIVE;
				CLANG_WARN_UNREACHABLE_CODE = YES;
				CLANG_WARN__DUPLICATE_METHOD_MATCH = YES;
				CODE_SIGN_IDENTITY = "-";
				COPY_PHASE_STRIP = NO;
				DEBUG_INFORMATION_FORMAT = "dwarf-with-dsym";
				ENABLE_NS_ASSERTIONS = NO;
				ENABLE_STRICT_OBJC_MSGSEND = YES;
				GCC_C_LANGUAGE_STANDARD = gnu11;
				GCC_NO_COMMON_BLOCKS = YES;
				GCC_WARN_64_TO_32_BIT_CONVERSION = YES;
				GCC_WARN_ABOUT_RETURN_TYPE = YES_ERROR;
				GCC_WARN_UNDECLARED_SELECTOR = YES;
				GCC_WARN_UNINITIALIZED_AUTOS = YES_AGGRESSIVE;
				GCC_WARN_UNUSED_FUNCTION = YES;
				GCC_WARN_UNUSED_VARIABLE = YES;
				MACOSX_DEPLOYMENT_TARGET = 10.12;
				MTL_ENABLE_DEBUG_INFO = NO;
				SDKROOT = macosx;
			};
			name = Release;
		};
		5D24ECF020935DBD004FD0A5 /* Debug */ = {
			isa = XCBuildConfiguration;
			buildSettings = {
				CODE_SIGN_STYLE = Automatic;
				PRODUCT_NAME = "$(TARGET_NAME)";
			};
			name = Debug;
		};
		5D24ECF120935DBD004FD0A5 /* Release */ = {
			isa = XCBuildConfiguration;
			buildSettings = {
				CODE_SIGN_STYLE = Automatic;
				PRODUCT_NAME = "$(TARGET_NAME)";
			};
			name = Release;
		};
		5D3BC9692099455A00E8F94C /* Debug */ = {
			isa = XCBuildConfiguration;
			buildSettings = {
				CODE_SIGN_STYLE = Automatic;
				PRODUCT_NAME = "$(TARGET_NAME)";
			};
			name = Debug;
		};
		5D3BC96A2099455A00E8F94C /* Release */ = {
			isa = XCBuildConfiguration;
			buildSettings = {
				CODE_SIGN_STYLE = Automatic;
				PRODUCT_NAME = "$(TARGET_NAME)";
			};
			name = Release;
		};
		5D3BC975209A013C00E8F94C /* Debug */ = {
			isa = XCBuildConfiguration;
			buildSettings = {
				CODE_SIGN_STYLE = Automatic;
				PRODUCT_NAME = "$(TARGET_NAME)";
			};
			name = Debug;
		};
		5D3BC976209A013C00E8F94C /* Release */ = {
			isa = XCBuildConfiguration;
			buildSettings = {
				CODE_SIGN_STYLE = Automatic;
				PRODUCT_NAME = "$(TARGET_NAME)";
			};
			name = Release;
		};
		5D3BC980209B53C500E8F94C /* Debug */ = {
			isa = XCBuildConfiguration;
			buildSettings = {
				CODE_SIGN_STYLE = Automatic;
				PRODUCT_NAME = "$(TARGET_NAME)";
			};
			name = Debug;
		};
		5D3BC981209B53C500E8F94C /* Release */ = {
			isa = XCBuildConfiguration;
			buildSettings = {
				CODE_SIGN_STYLE = Automatic;
				PRODUCT_NAME = "$(TARGET_NAME)";
			};
			name = Release;
		};
		5D3BC98B209D5B0E00E8F94C /* Debug */ = {
			isa = XCBuildConfiguration;
			buildSettings = {
				CODE_SIGN_STYLE = Automatic;
				PRODUCT_NAME = "$(TARGET_NAME)";
			};
			name = Debug;
		};
		5D3BC98C209D5B0E00E8F94C /* Release */ = {
			isa = XCBuildConfiguration;
			buildSettings = {
				CODE_SIGN_STYLE = Automatic;
				PRODUCT_NAME = "$(TARGET_NAME)";
			};
			name = Release;
		};
/* End XCBuildConfiguration section */

/* Begin XCConfigurationList section */
		5D24ECE320935DBD004FD0A5 /* Build configuration list for PBXProject "PAT" */ = {
			isa = XCConfigurationList;
			buildConfigurations = (
				5D24ECED20935DBD004FD0A5 /* Debug */,
				5D24ECEE20935DBD004FD0A5 /* Release */,
			);
			defaultConfigurationIsVisible = 0;
			defaultConfigurationName = Release;
		};
		5D24ECEF20935DBD004FD0A5 /* Build configuration list for PBXNativeTarget "PAT" */ = {
			isa = XCConfigurationList;
			buildConfigurations = (
				5D24ECF020935DBD004FD0A5 /* Debug */,
				5D24ECF120935DBD004FD0A5 /* Release */,
			);
			defaultConfigurationIsVisible = 0;
			defaultConfigurationName = Release;
		};
		5D3BC9682099455A00E8F94C /* Build configuration list for PBXNativeTarget "PAT1003" */ = {
			isa = XCConfigurationList;
			buildConfigurations = (
				5D3BC9692099455A00E8F94C /* Debug */,
				5D3BC96A2099455A00E8F94C /* Release */,
			);
			defaultConfigurationIsVisible = 0;
			defaultConfigurationName = Release;
		};
		5D3BC974209A013C00E8F94C /* Build configuration list for PBXNativeTarget "PTA7-1" */ = {
			isa = XCConfigurationList;
			buildConfigurations = (
				5D3BC975209A013C00E8F94C /* Debug */,
				5D3BC976209A013C00E8F94C /* Release */,
			);
			defaultConfigurationIsVisible = 0;
			defaultConfigurationName = Release;
		};
		5D3BC97F209B53C500E8F94C /* Build configuration list for PBXNativeTarget "PTA05031" */ = {
			isa = XCConfigurationList;
			buildConfigurations = (
				5D3BC980209B53C500E8F94C /* Debug */,
				5D3BC981209B53C500E8F94C /* Release */,
			);
			defaultConfigurationIsVisible = 0;
			defaultConfigurationName = Release;
		};
		5D3BC98A209D5B0E00E8F94C /* Build configuration list for PBXNativeTarget "PAT-L2-026" */ = {
			isa = XCConfigurationList;
			buildConfigurations = (
				5D3BC98B209D5B0E00E8F94C /* Debug */,
				5D3BC98C209D5B0E00E8F94C /* Release */,
			);
			defaultConfigurationIsVisible = 0;
			defaultConfigurationName = Release;
		};
/* End XCConfigurationList section */
	};
	rootObject = 5D24ECE020935DBD004FD0A5 /* Project object */;
}
